{
  "dependencies": {
    "async": {
      "version": "1.0.0",
      "resolved": "https://registry.npmjs.org/async/-/async-1.0.0.tgz",
      "from": "async@https://registry.npmjs.org/async/-/async-1.0.0.tgz"
    },
    "balanced-match": {
      "version": "1.0.0",
      "resolved": "https://registry.npmjs.org/balanced-match/-/balanced-match-1.0.0.tgz",
      "from": "balanced-match@https://registry.npmjs.org/balanced-match/-/balanced-match-1.0.0.tgz"
    },
    "basic-authentication": {
      "version": "1.7.0",
      "resolved": "https://registry.npmjs.org/basic-authentication/-/basic-authentication-1.7.0.tgz",
      "from": "basic-authentication@https://registry.npmjs.org/basic-authentication/-/basic-authentication-1.7.0.tgz"
    },
    "block-stream": {
      "version": "0.0.9",
      "resolved": "https://registry.npmjs.org/block-stream/-/block-stream-0.0.9.tgz",
      "from": "block-stream@https://registry.npmjs.org/block-stream/-/block-stream-0.0.9.tgz"
    },
    "brace-expansion": {
      "version": "1.1.11",
      "resolved": "https://registry.npmjs.org/brace-expansion/-/brace-expansion-1.1.11.tgz",
      "from": "brace-expansion@https://registry.npmjs.org/brace-expansion/-/brace-expansion-1.1.11.tgz"
    },
    "bson": {
      "version": "1.0.1",
      "resolved": "https://registry.npmjs.org/bson/-/bson-1.0.1.tgz",
      "from": "bson@https://registry.npmjs.org/bson/-/bson-1.0.1.tgz"
    },
    "buffer-shims": {
      "version": "1.0.0",
      "resolved": "https://registry.npmjs.org/buffer-shims/-/buffer-shims-1.0.0.tgz",
      "from": "buffer-shims@https://registry.npmjs.org/buffer-shims/-/buffer-shims-1.0.0.tgz"
    },
    "busboy": {
      "version": "0.2.14",
      "resolved": "https://registry.npmjs.org/busboy/-/busboy-0.2.14.tgz",
      "from": "busboy@https://registry.npmjs.org/busboy/-/busboy-0.2.14.tgz"
    },
    "colors": {
      "version": "1.0.3",
      "resolved": "https://registry.npmjs.org/colors/-/colors-1.0.3.tgz",
      "from": "colors@https://registry.npmjs.org/colors/-/colors-1.0.3.tgz"
    },
    "concat-map": {
      "version": "0.0.1",
      "resolved": "https://registry.npmjs.org/concat-map/-/concat-map-0.0.1.tgz",
      "from": "concat-map@https://registry.npmjs.org/concat-map/-/concat-map-0.0.1.tgz"
    },
    "core-util-is": {
      "version": "1.0.2",
      "resolved": "https://registry.npmjs.org/core-util-is/-/core-util-is-1.0.2.tgz",
      "from": "core-util-is@https://registry.npmjs.org/core-util-is/-/core-util-is-1.0.2.tgz"
    },
    "cycle": {
      "version": "1.0.3",
      "resolved": "https://registry.npmjs.org/cycle/-/cycle-1.0.3.tgz",
      "from": "cycle@https://registry.npmjs.org/cycle/-/cycle-1.0.3.tgz"
    },
    "dicer": {
      "version": "0.2.5",
      "resolved": "https://registry.npmjs.org/dicer/-/dicer-0.2.5.tgz",
      "from": "dicer@https://registry.npmjs.org/dicer/-/dicer-0.2.5.tgz"
    },
    "ee-first": {
      "version": "1.1.1",
      "resolved": "https://registry.npmjs.org/ee-first/-/ee-first-1.1.1.tgz",
      "from": "ee-first@https://registry.npmjs.org/ee-first/-/ee-first-1.1.1.tgz"
    },
    "es6-promise": {
      "version": "3.2.1",
      "resolved": "https://registry.npmjs.org/es6-promise/-/es6-promise-3.2.1.tgz",
      "from": "es6-promise@https://registry.npmjs.org/es6-promise/-/es6-promise-3.2.1.tgz"
    },
    "eyes": {
      "version": "0.1.8",
      "resolved": "https://registry.npmjs.org/eyes/-/eyes-0.1.8.tgz",
      "from": "eyes@https://registry.npmjs.org/eyes/-/eyes-0.1.8.tgz"
    },
    "fs.realpath": {
      "version": "1.0.0",
      "resolved": "https://registry.npmjs.org/fs.realpath/-/fs.realpath-1.0.0.tgz",
      "from": "fs.realpath@https://registry.npmjs.org/fs.realpath/-/fs.realpath-1.0.0.tgz"
    },
    "fstream": {
      "version": "1.0.10",
      "resolved": "https://registry.npmjs.org/fstream/-/fstream-1.0.10.tgz",
      "from": "fstream@https://registry.npmjs.org/fstream/-/fstream-1.0.10.tgz"
    },
    "glob": {
      "version": "7.1.2",
      "resolved": "https://registry.npmjs.org/glob/-/glob-7.1.2.tgz",
      "from": "glob@https://registry.npmjs.org/glob/-/glob-7.1.2.tgz"
    },
    "graceful-fs": {
      "version": "4.1.11",
      "resolved": "https://registry.npmjs.org/graceful-fs/-/graceful-fs-4.1.11.tgz",
      "from": "graceful-fs@https://registry.npmjs.org/graceful-fs/-/graceful-fs-4.1.11.tgz"
    },
    "inflight": {
      "version": "1.0.6",
      "resolved": "https://registry.npmjs.org/inflight/-/inflight-1.0.6.tgz",
      "from": "inflight@https://registry.npmjs.org/inflight/-/inflight-1.0.6.tgz"
    },
    "inherits": {
      "version": "2.0.3",
      "resolved": "https://registry.npmjs.org/inherits/-/inherits-2.0.3.tgz",
      "from": "inherits@https://registry.npmjs.org/inherits/-/inherits-2.0.3.tgz"
    },
    "isarray": {
      "version": "0.0.1",
      "resolved": "https://registry.npmjs.org/isarray/-/isarray-0.0.1.tgz",
      "from": "isarray@https://registry.npmjs.org/isarray/-/isarray-0.0.1.tgz"
    },
    "isstream": {
      "version": "0.1.2",
      "resolved": "https://registry.npmjs.org/isstream/-/isstream-0.1.2.tgz",
      "from": "isstream@https://registry.npmjs.org/isstream/-/isstream-0.1.2.tgz"
    },
    "logger-request": {
      "version": "3.7.3",
      "resolved": "https://registry.npmjs.org/logger-request/-/logger-request-3.7.3.tgz",
      "from": "logger-request@https://registry.npmjs.org/logger-request/-/logger-request-3.7.3.tgz"
    },
    "minimatch": {
      "version": "3.0.4",
      "resolved": "https://registry.npmjs.org/minimatch/-/minimatch-3.0.4.tgz",
      "from": "minimatch@https://registry.npmjs.org/minimatch/-/minimatch-3.0.4.tgz"
    },
    "minimist": {
      "version": "0.0.8",
      "resolved": "https://registry.npmjs.org/minimist/-/minimist-0.0.8.tgz",
      "from": "minimist@https://registry.npmjs.org/minimist/-/minimist-0.0.8.tgz"
    },
    "mkdirp": {
      "version": "0.5.1",
      "resolved": "https://registry.npmjs.org/mkdirp/-/mkdirp-0.5.1.tgz",
      "from": "mkdirp@https://registry.npmjs.org/mkdirp/-/mkdirp-0.5.1.tgz"
    },
    "moment": {
      "version": "2.18.1",
      "resolved": "https://registry.npmjs.org/moment/-/moment-2.18.1.tgz",
      "from": "moment@https://registry.npmjs.org/moment/-/moment-2.18.1.tgz"
    },
    "mongodb": {
      "version": "2.2.16",
      "resolved": "https://registry.npmjs.org/mongodb/-/mongodb-2.2.16.tgz",
      "from": "mongodb@https://registry.npmjs.org/mongodb/-/mongodb-2.2.16.tgz",
      "dependencies": {
        "isarray": {
          "version": "1.0.0",
          "resolved": "https://registry.npmjs.org/isarray/-/isarray-1.0.0.tgz",
          "from": "isarray@https://registry.npmjs.org/isarray/-/isarray-1.0.0.tgz"
        },
        "readable-stream": {
          "version": "2.1.5",
          "resolved": "https://registry.npmjs.org/readable-stream/-/readable-stream-2.1.5.tgz",
          "from": "readable-stream@https://registry.npmjs.org/readable-stream/-/readable-stream-2.1.5.tgz"
        }
      }
    },
    "mongodb-backup": {
      "version": "1.6.9",
      "resolved": "https://registry.npmjs.org/mongodb-backup/-/mongodb-backup-1.6.9.tgz",
      "from": "mongodb-backup@https://registry.npmjs.org/mongodb-backup/-/mongodb-backup-1.6.9.tgz"
    },
    "mongodb-core": {
      "version": "2.1.2",
      "resolved": "https://registry.npmjs.org/mongodb-core/-/mongodb-core-2.1.2.tgz",
      "from": "mongodb-core@https://registry.npmjs.org/mongodb-core/-/mongodb-core-2.1.2.tgz"
    },
    "mongodb-restore": {
      "version": "1.6.2",
      "resolved": "https://registry.npmjs.org/mongodb-restore/-/mongodb-restore-1.6.2.tgz",
      "from": "mongodb-restore@https://registry.npmjs.org/mongodb-restore/-/mongodb-restore-1.6.2.tgz"
    },
    "on-finished": {
      "version": "2.3.0",
      "resolved": "https://registry.npmjs.org/on-finished/-/on-finished-2.3.0.tgz",
      "from": "on-finished@https://registry.npmjs.org/on-finished/-/on-finished-2.3.0.tgz"
    },
    "once": {
      "version": "1.4.0",
      "resolved": "https://registry.npmjs.org/once/-/once-1.4.0.tgz",
      "from": "once@https://registry.npmjs.org/once/-/once-1.4.0.tgz"
    },
    "path-is-absolute": {
      "version": "1.0.1",
      "resolved": "https://registry.npmjs.org/path-is-absolute/-/path-is-absolute-1.0.1.tgz",
      "from": "path-is-absolute@https://registry.npmjs.org/path-is-absolute/-/path-is-absolute-1.0.1.tgz"
    },
    "process-nextick-args": {
      "version": "1.0.7",
      "resolved": "https://registry.npmjs.org/process-nextick-args/-/process-nextick-args-1.0.7.tgz",
      "from": "process-nextick-args@https://registry.npmjs.org/process-nextick-args/-/process-nextick-args-1.0.7.tgz"
    },
    "readable-stream": {
      "version": "1.1.14",
      "resolved": "https://registry.npmjs.org/readable-stream/-/readable-stream-1.1.14.tgz",
      "from": "readable-stream@https://registry.npmjs.org/readable-stream/-/readable-stream-1.1.14.tgz"
    },
    "require_optional": {
      "version": "1.0.1",
      "resolved": "https://registry.npmjs.org/require_optional/-/require_optional-1.0.1.tgz",
      "from": "require_optional@https://registry.npmjs.org/require_optional/-/require_optional-1.0.1.tgz"
    },
    "resolve-from": {
      "version": "2.0.0",
      "resolved": "https://registry.npmjs.org/resolve-from/-/resolve-from-2.0.0.tgz",
      "from": "resolve-from@https://registry.npmjs.org/resolve-from/-/resolve-from-2.0.0.tgz"
    },
    "rimraf": {
      "version": "2.6.2",
      "resolved": "https://registry.npmjs.org/rimraf/-/rimraf-2.6.2.tgz",
      "from": "rimraf@https://registry.npmjs.org/rimraf/-/rimraf-2.6.2.tgz"
    },
    "semver": {
      "version": "5.5.0",
      "resolved": "https://registry.npmjs.org/semver/-/semver-5.5.0.tgz",
      "from": "semver@https://registry.npmjs.org/semver/-/semver-5.5.0.tgz"
    },
    "setheaders": {
      "version": "0.1.7",
      "resolved": "https://registry.npmjs.org/setheaders/-/setheaders-0.1.7.tgz",
      "from": "setheaders@https://registry.npmjs.org/setheaders/-/setheaders-0.1.7.tgz"
    },
    "stack-trace": {
      "version": "0.0.10",
      "resolved": "https://registry.npmjs.org/stack-trace/-/stack-trace-0.0.10.tgz",
      "from": "stack-trace@https://registry.npmjs.org/stack-trace/-/stack-trace-0.0.10.tgz"
    },
    "streamsearch": {
      "version": "0.1.2",
      "resolved": "https://registry.npmjs.org/streamsearch/-/streamsearch-0.1.2.tgz",
      "from": "streamsearch@https://registry.npmjs.org/streamsearch/-/streamsearch-0.1.2.tgz"
    },
    "string_decoder": {
      "version": "0.10.31",
      "resolved": "https://registry.npmjs.org/string_decoder/-/string_decoder-0.10.31.tgz",
      "from": "string_decoder@https://registry.npmjs.org/string_decoder/-/string_decoder-0.10.31.tgz"
    },
    "tar": {
      "version": "2.2.1",
      "resolved": "https://registry.npmjs.org/tar/-/tar-2.2.1.tgz",
      "from": "tar@https://registry.npmjs.org/tar/-/tar-2.2.1.tgz"
    },
    "transfer-rate": {
      "version": "1.2.0",
      "resolved": "https://registry.npmjs.org/transfer-rate/-/transfer-rate-1.2.0.tgz",
      "from": "transfer-rate@https://registry.npmjs.org/transfer-rate/-/transfer-rate-1.2.0.tgz"
    },
    "util-deprecate": {
      "version": "1.0.2",
      "resolved": "https://registry.npmjs.org/util-deprecate/-/util-deprecate-1.0.2.tgz",
      "from": "util-deprecate@https://registry.npmjs.org/util-deprecate/-/util-deprecate-1.0.2.tgz"
    },
    "winston": {
      "version": "2.3.0",
      "resolved": "https://registry.npmjs.org/winston/-/winston-2.3.0.tgz",
      "from": "winston@https://registry.npmjs.org/winston/-/winston-2.3.0.tgz"
    },
    "winston-daily-rotate-file": {
      "version": "1.4.0",
      "resolved": "https://registry.npmjs.org/winston-daily-rotate-file/-/winston-daily-rotate-file-1.4.0.tgz",
      "from": "winston-daily-rotate-file@https://registry.npmjs.org/winston-daily-rotate-file/-/winston-daily-rotate-file-1.4.0.tgz"
    },
    "wrappy": {
      "version": "1.0.2",
      "resolved": "https://registry.npmjs.org/wrappy/-/wrappy-1.0.2.tgz",
      "from": "wrappy@https://registry.npmjs.org/wrappy/-/wrappy-1.0.2.tgz"
    }
  }
}
